
Microsoft Visual Studio Solution File, Format Version 12.00
# Visual Studio Version 16
VisualStudioVersion = 16.0.30804.86
MinimumVisualStudioVersion = 10.0.40219.1
Project("{FAE04EC0-301F-11D3-BF4B-00C04F79EFBC}") = "TDD_RPS_BusinessLogic", "TDD_RPS_BusinessLogic.csproj", "{6A0FFF11-4ED1-4CB0-9096-B359046883BF}"
EndProject
Project("{9A19103F-16F7-4668-BE54-9A1E7A4F7556}") = "NUnitTDDRPS", "NUnitTDDRPS\NUnitTDDRPS.csproj", "{3D37BDC0-DFD5-44DA-ADFC-9FD30424EC80}"
EndProject
Global
	GlobalSection(SolutionConfigurationPlatforms) = preSolution
		Debug|Any CPU = Debug|Any CPU
		Release|Any CPU = Release|Any CPU
	EndGlobalSection
	GlobalSection(ProjectConfigurationPlatforms) = postSolution
		{6A0FFF11-4ED1-4CB0-9096-B359046883BF}.Debug|Any CPU.ActiveCfg = Debug|Any CPU
		{6A0FFF11-4ED1-4CB0-9096-B359046883BF}.Debug|Any CPU.Build.0 = Debug|Any CPU
		{6A0FFF11-4ED1-4CB0-9096-B359046883BF}.Release|Any CPU.ActiveCfg = Release|Any CPU
		{6A0FFF11-4ED1-4CB0-9096-B359046883BF}.Release|Any CPU.Build.0 = Release|Any CPU
		{3D37BDC0-DFD5-44DA-ADFC-9FD30424EC80}.Debug|Any CPU.ActiveCfg = Debug|Any CPU
		{3D37BDC0-DFD5-44DA-ADFC-9FD30424EC80}.Debug|Any CPU.Build.0 = Debug|Any CPU
		{3D37BDC0-DFD5-44DA-ADFC-9FD30424EC80}.Release|Any CPU.ActiveCfg = Release|Any CPU
		{3D37BDC0-DFD5-44DA-ADFC-9FD30424EC80}.Release|Any CPU.Build.0 = Release|Any CPU
	EndGlobalSection
	GlobalSection(SolutionProperties) = preSolution
		HideSolutionNode = FALSE
	EndGlobalSection
	GlobalSection(ExtensibilityGlobals) = postSolution
		SolutionGuid = {962C1255-086B-4378-92FA-CAD98C98CF50}
	EndGlobalSection
EndGlobal
